
Microsoft Visual Studio Solution File, Format Version 12.00
# Visual Studio Version 17
VisualStudioVersion = 17.1.32228.430
MinimumVisualStudioVersion = 10.0.40219.1
Project("{FAE04EC0-301F-11D3-BF4B-00C04F79EFBC}") = "Hackathon01", "Hackathon 01\Hackathon01.csproj", "{D3332A17-2C48-48BC-81E1-7C561005AA56}"
EndProject
Project("{FAE04EC0-301F-11D3-BF4B-00C04F79EFBC}") = "Hackathon02", "Hackathon 02\Hackathon02.csproj", "{11F57D77-E2B2-408C-9CED-A031F941F882}"
EndProject
Project("{FAE04EC0-301F-11D3-BF4B-00C04F79EFBC}") = "Hackathon03", "Hackathon03\Hackathon03.csproj", "{4775F62C-7DEA-4A4A-A05D-393342306492}"
EndProject
Project("{FAE04EC0-301F-11D3-BF4B-00C04F79EFBC}") = "Hackathon04", "Hackathon04\Hackathon04.csproj", "{4C61FC80-ADAF-4919-B8A2-7465BE582556}"
EndProject
Project("{FAE04EC0-301F-11D3-BF4B-00C04F79EFBC}") = "Hackathon05", "Hackathon05\Hackathon05.csproj", "{2B077CB0-D81B-491E-92CF-67192BF6378B}"
EndProject
Project("{FAE04EC0-301F-11D3-BF4B-00C04F79EFBC}") = "Hackathon06", "Hackathon06\Hackathon06.csproj", "{56B0F428-D310-4A57-89C9-105CB65742D1}"
EndProject
Project("{FAE04EC0-301F-11D3-BF4B-00C04F79EFBC}") = "Hackathon02_1", "Hackathon02_1\Hackathon02_1.csproj", "{A2E70152-6202-4C17-9DB9-8BF7ED2D4D53}"
EndProject
Project("{FAE04EC0-301F-11D3-BF4B-00C04F79EFBC}") = "Hackathon06_1", "Hackathon06_1\Hackathon06_1.csproj", "{BD80EBAC-269B-4A38-BC97-B5D7D5478BF7}"
EndProject
Project("{FAE04EC0-301F-11D3-BF4B-00C04F79EFBC}") = "Hackathon05_1", "Hackathon05_1\Hackathon05_1.csproj", "{4A0F1382-BE9D-4866-A6D9-DC6204DE62D2}"
EndProject
Global
	GlobalSection(SolutionConfigurationPlatforms) = preSolution
		Debug|Any CPU = Debug|Any CPU
		Release|Any CPU = Release|Any CPU
	EndGlobalSection
	GlobalSection(ProjectConfigurationPlatforms) = postSolution
		{D3332A17-2C48-48BC-81E1-7C561005AA56}.Debug|Any CPU.ActiveCfg = Debug|Any CPU
		{D3332A17-2C48-48BC-81E1-7C561005AA56}.Debug|Any CPU.Build.0 = Debug|Any CPU
		{D3332A17-2C48-48BC-81E1-7C561005AA56}.Release|Any CPU.ActiveCfg = Release|Any CPU
		{D3332A17-2C48-48BC-81E1-7C561005AA56}.Release|Any CPU.Build.0 = Release|Any CPU
		{11F57D77-E2B2-408C-9CED-A031F941F882}.Debug|Any CPU.ActiveCfg = Debug|Any CPU
		{11F57D77-E2B2-408C-9CED-A031F941F882}.Debug|Any CPU.Build.0 = Debug|Any CPU
		{11F57D77-E2B2-408C-9CED-A031F941F882}.Release|Any CPU.ActiveCfg = Release|Any CPU
		{11F57D77-E2B2-408C-9CED-A031F941F882}.Release|Any CPU.Build.0 = Release|Any CPU
		{4775F62C-7DEA-4A4A-A05D-393342306492}.Debug|Any CPU.ActiveCfg = Debug|Any CPU
		{4775F62C-7DEA-4A4A-A05D-393342306492}.Debug|Any CPU.Build.0 = Debug|Any CPU
		{4775F62C-7DEA-4A4A-A05D-393342306492}.Release|Any CPU.ActiveCfg = Release|Any CPU
		{4775F62C-7DEA-4A4A-A05D-393342306492}.Release|Any CPU.Build.0 = Release|Any CPU
		{4C61FC80-ADAF-4919-B8A2-7465BE582556}.Debug|Any CPU.ActiveCfg = Debug|Any CPU
		{4C61FC80-ADAF-4919-B8A2-7465BE582556}.Debug|Any CPU.Build.0 = Debug|Any CPU
		{4C61FC80-ADAF-4919-B8A2-7465BE582556}.Release|Any CPU.ActiveCfg = Release|Any CPU
		{4C61FC80-ADAF-4919-B8A2-7465BE582556}.Release|Any CPU.Build.0 = Release|Any CPU
		{2B077CB0-D81B-491E-92CF-67192BF6378B}.Debug|Any CPU.ActiveCfg = Debug|Any CPU
		{2B077CB0-D81B-491E-92CF-67192BF6378B}.Debug|Any CPU.Build.0 = Debug|Any CPU
		{2B077CB0-D81B-491E-92CF-67192BF6378B}.Release|Any CPU.ActiveCfg = Release|Any CPU
		{2B077CB0-D81B-491E-92CF-67192BF6378B}.Release|Any CPU.Build.0 = Release|Any CPU
		{56B0F428-D310-4A57-89C9-105CB65742D1}.Debug|Any CPU.ActiveCfg = Debug|Any CPU
		{56B0F428-D310-4A57-89C9-105CB65742D1}.Debug|Any CPU.Build.0 = Debug|Any CPU
		{56B0F428-D310-4A57-89C9-105CB65742D1}.Release|Any CPU.ActiveCfg = Release|Any CPU
		{56B0F428-D310-4A57-89C9-105CB65742D1}.Release|Any CPU.Build.0 = Release|Any CPU
		{A2E70152-6202-4C17-9DB9-8BF7ED2D4D53}.Debug|Any CPU.ActiveCfg = Debug|Any CPU
		{A2E70152-6202-4C17-9DB9-8BF7ED2D4D53}.Debug|Any CPU.Build.0 = Debug|Any CPU
		{A2E70152-6202-4C17-9DB9-8BF7ED2D4D53}.Release|Any CPU.ActiveCfg = Release|Any CPU
		{A2E70152-6202-4C17-9DB9-8BF7ED2D4D53}.Release|Any CPU.Build.0 = Release|Any CPU
		{BD80EBAC-269B-4A38-BC97-B5D7D5478BF7}.Debug|Any CPU.ActiveCfg = Debug|Any CPU
		{BD80EBAC-269B-4A38-BC97-B5D7D5478BF7}.Debug|Any CPU.Build.0 = Debug|Any CPU
		{BD80EBAC-269B-4A38-BC97-B5D7D5478BF7}.Release|Any CPU.ActiveCfg = Release|Any CPU
		{BD80EBAC-269B-4A38-BC97-B5D7D5478BF7}.Release|Any CPU.Build.0 = Release|Any CPU
		{4A0F1382-BE9D-4866-A6D9-DC6204DE62D2}.Debug|Any CPU.ActiveCfg = Debug|Any CPU
		{4A0F1382-BE9D-4866-A6D9-DC6204DE62D2}.Debug|Any CPU.Build.0 = Debug|Any CPU
		{4A0F1382-BE9D-4866-A6D9-DC6204DE62D2}.Release|Any CPU.ActiveCfg = Release|Any CPU
		{4A0F1382-BE9D-4866-A6D9-DC6204DE62D2}.Release|Any CPU.Build.0 = Release|Any CPU
	EndGlobalSection
	GlobalSection(SolutionProperties) = preSolution
		HideSolutionNode = FALSE
	EndGlobalSection
	GlobalSection(ExtensibilityGlobals) = postSolution
		SolutionGuid = {8EC36C50-6C45-4E1E-AC09-7EA13B6D037A}
	EndGlobalSection
EndGlobal
